
Microsoft Visual Studio Solution File, Format Version 12.00
# Visual Studio Version 17
VisualStudioVersion = 17.8.34004.107
MinimumVisualStudioVersion = 10.0.40219.1
Project("{9A19103F-16F7-4668-BE54-9A1E7A4F7556}") = "Basics", "Basics\Basics.csproj", "{68A707AA-92BA-48F2-B058-519D0A55B3ED}"
EndProject
Global
	GlobalSection(SolutionConfigurationPlatforms) = preSolution
		Debug|Any CPU = Debug|Any CPU
		Release|Any CPU = Release|Any CPU
	EndGlobalSection
	GlobalSection(ProjectConfigurationPlatforms) = postSolution
		{68A707AA-92BA-48F2-B058-519D0A55B3ED}.Debug|Any CPU.ActiveCfg = Debug|Any CPU
		{68A707AA-92BA-48F2-B058-519D0A55B3ED}.Debug|Any CPU.Build.0 = Debug|Any CPU
		{68A707AA-92BA-48F2-B058-519D0A55B3ED}.Release|Any CPU.ActiveCfg = Release|Any CPU
		{68A707AA-92BA-48F2-B058-519D0A55B3ED}.Release|Any CPU.Build.0 = Release|Any CPU
	EndGlobalSection
	GlobalSection(SolutionProperties) = preSolution
		HideSolutionNode = FALSE
	EndGlobalSection
	GlobalSection(ExtensibilityGlobals) = postSolution
		SolutionGuid = {C2F9838D-39ED-477A-B815-ED9C69CCF51B}
	EndGlobalSection
EndGlobal
