
Microsoft Visual Studio Solution File, Format Version 12.00
# Visual Studio Version 17
VisualStudioVersion = 17.8.34004.107
MinimumVisualStudioVersion = 10.0.40219.1
Project("{9A19103F-16F7-4668-BE54-9A1E7A4F7556}") = "Basics", "Basics\Basics.csproj", "{68A707AA-92BA-48F2-B058-519D0A55B3ED}"
EndProject
Project("{9A19103F-16F7-4668-BE54-9A1E7A4F7556}") = "BtkAkademi", "BtkAkademi\BtkAkademi.csproj", "{314CEBDD-036D-43B1-A333-4578B3012A60}"
EndProject
Project("{9A19103F-16F7-4668-BE54-9A1E7A4F7556}") = "StoreApp", "Store\StoreApp\StoreApp.csproj", "{98E09F4D-0349-499C-8A2B-842B9985F632}"
EndProject
Project("{2150E333-8FDC-42A3-9474-1A3956D46DE8}") = "Store", "Store", "{BCE67BD3-AF25-4956-AC20-02C258E8D534}"
EndProject
Project("{9A19103F-16F7-4668-BE54-9A1E7A4F7556}") = "StoreApp.Entities", "Store\StoreApp.Entities\StoreApp.Entities.csproj", "{DA9FF0FA-F82C-43EE-96FE-0B83E4998DD5}"
EndProject
Project("{9A19103F-16F7-4668-BE54-9A1E7A4F7556}") = "StoreApp.Repositories", "Store\StoreApp.Repositories\StoreApp.Repositories.csproj", "{DCC00257-DA34-437F-8DC5-F0141236282D}"
EndProject
Project("{FAE04EC0-301F-11D3-BF4B-00C04F79EFBC}") = "StoreApp.Services", "Store\StoreApp.Services\StoreApp.Services.csproj", "{CFD55756-5850-489C-BE44-C54FC9A3D20D}"
EndProject
Global
	GlobalSection(SolutionConfigurationPlatforms) = preSolution
		Debug|Any CPU = Debug|Any CPU
		Release|Any CPU = Release|Any CPU
	EndGlobalSection
	GlobalSection(ProjectConfigurationPlatforms) = postSolution
		{68A707AA-92BA-48F2-B058-519D0A55B3ED}.Debug|Any CPU.ActiveCfg = Debug|Any CPU
		{68A707AA-92BA-48F2-B058-519D0A55B3ED}.Debug|Any CPU.Build.0 = Debug|Any CPU
		{68A707AA-92BA-48F2-B058-519D0A55B3ED}.Release|Any CPU.ActiveCfg = Release|Any CPU
		{68A707AA-92BA-48F2-B058-519D0A55B3ED}.Release|Any CPU.Build.0 = Release|Any CPU
		{314CEBDD-036D-43B1-A333-4578B3012A60}.Debug|Any CPU.ActiveCfg = Debug|Any CPU
		{314CEBDD-036D-43B1-A333-4578B3012A60}.Debug|Any CPU.Build.0 = Debug|Any CPU
		{314CEBDD-036D-43B1-A333-4578B3012A60}.Release|Any CPU.ActiveCfg = Release|Any CPU
		{314CEBDD-036D-43B1-A333-4578B3012A60}.Release|Any CPU.Build.0 = Release|Any CPU
		{98E09F4D-0349-499C-8A2B-842B9985F632}.Debug|Any CPU.ActiveCfg = Debug|Any CPU
		{98E09F4D-0349-499C-8A2B-842B9985F632}.Debug|Any CPU.Build.0 = Debug|Any CPU
		{98E09F4D-0349-499C-8A2B-842B9985F632}.Release|Any CPU.ActiveCfg = Release|Any CPU
		{98E09F4D-0349-499C-8A2B-842B9985F632}.Release|Any CPU.Build.0 = Release|Any CPU
		{DA9FF0FA-F82C-43EE-96FE-0B83E4998DD5}.Debug|Any CPU.ActiveCfg = Debug|Any CPU
		{DA9FF0FA-F82C-43EE-96FE-0B83E4998DD5}.Debug|Any CPU.Build.0 = Debug|Any CPU
		{DA9FF0FA-F82C-43EE-96FE-0B83E4998DD5}.Release|Any CPU.ActiveCfg = Release|Any CPU
		{DA9FF0FA-F82C-43EE-96FE-0B83E4998DD5}.Release|Any CPU.Build.0 = Release|Any CPU
		{DCC00257-DA34-437F-8DC5-F0141236282D}.Debug|Any CPU.ActiveCfg = Debug|Any CPU
		{DCC00257-DA34-437F-8DC5-F0141236282D}.Debug|Any CPU.Build.0 = Debug|Any CPU
		{DCC00257-DA34-437F-8DC5-F0141236282D}.Release|Any CPU.ActiveCfg = Release|Any CPU
		{DCC00257-DA34-437F-8DC5-F0141236282D}.Release|Any CPU.Build.0 = Release|Any CPU
		{CFD55756-5850-489C-BE44-C54FC9A3D20D}.Debug|Any CPU.ActiveCfg = Debug|Any CPU
		{CFD55756-5850-489C-BE44-C54FC9A3D20D}.Debug|Any CPU.Build.0 = Debug|Any CPU
		{CFD55756-5850-489C-BE44-C54FC9A3D20D}.Release|Any CPU.ActiveCfg = Release|Any CPU
		{CFD55756-5850-489C-BE44-C54FC9A3D20D}.Release|Any CPU.Build.0 = Release|Any CPU
	EndGlobalSection
	GlobalSection(SolutionProperties) = preSolution
		HideSolutionNode = FALSE
	EndGlobalSection
	GlobalSection(NestedProjects) = preSolution
		{98E09F4D-0349-499C-8A2B-842B9985F632} = {BCE67BD3-AF25-4956-AC20-02C258E8D534}
		{DA9FF0FA-F82C-43EE-96FE-0B83E4998DD5} = {BCE67BD3-AF25-4956-AC20-02C258E8D534}
		{DCC00257-DA34-437F-8DC5-F0141236282D} = {BCE67BD3-AF25-4956-AC20-02C258E8D534}
		{CFD55756-5850-489C-BE44-C54FC9A3D20D} = {BCE67BD3-AF25-4956-AC20-02C258E8D534}
	EndGlobalSection
	GlobalSection(ExtensibilityGlobals) = postSolution
		SolutionGuid = {C2F9838D-39ED-477A-B815-ED9C69CCF51B}
	EndGlobalSection
EndGlobal
